
Microsoft Visual Studio Solution File, Format Version 12.00
# Visual Studio 15
VisualStudioVersion = 15.0.28010.2036
MinimumVisualStudioVersion = 10.0.40219.1
Project("{8BC9CEB8-8B4A-11D0-8D11-00A0C91BC942}") = "Lab3", "Lab3\Lab3.vcxproj", "{86A203F9-7669-475F-9BB5-D697549B737B}"
EndProject
Global
	GlobalSection(SolutionConfigurationPlatforms) = preSolution
		Debug|x64 = Debug|x64
		Debug|x86 = Debug|x86
		Release|x64 = Release|x64
		Release|x86 = Release|x86
	EndGlobalSection
	GlobalSection(ProjectConfigurationPlatforms) = postSolution
		{86A203F9-7669-475F-9BB5-D697549B737B}.Debug|x64.ActiveCfg = Debug|x64
		{86A203F9-7669-475F-9BB5-D697549B737B}.Debug|x64.Build.0 = Debug|x64
		{86A203F9-7669-475F-9BB5-D697549B737B}.Debug|x86.ActiveCfg = Debug|Win32
		{86A203F9-7669-475F-9BB5-D697549B737B}.Debug|x86.Build.0 = Debug|Win32
		{86A203F9-7669-475F-9BB5-D697549B737B}.Release|x64.ActiveCfg = Release|x64
		{86A203F9-7669-475F-9BB5-D697549B737B}.Release|x64.Build.0 = Release|x64
		{86A203F9-7669-475F-9BB5-D697549B737B}.Release|x86.ActiveCfg = Release|Win32
		{86A203F9-7669-475F-9BB5-D697549B737B}.Release|x86.Build.0 = Release|Win32
	EndGlobalSection
	GlobalSection(SolutionProperties) = preSolution
		HideSolutionNode = FALSE
	EndGlobalSection
	GlobalSection(ExtensibilityGlobals) = postSolution
		SolutionGuid = {DE0DAB45-01FC-4EEB-91D7-3670E96CA280}
	EndGlobalSection
EndGlobal
